
Microsoft Visual Studio Solution File, Format Version 12.00
# Visual Studio Version 17
VisualStudioVersion = 17.4.35026.314
MinimumVisualStudioVersion = 10.0.40219.1
Project("{9A19103F-16F7-4668-BE54-9A1E7A4F7556}") = "Day_01", "Day_01\Day_01.csproj", "{ACF55636-EA13-433C-AC43-BB79971E4766}"
EndProject
Project("{9A19103F-16F7-4668-BE54-9A1E7A4F7556}") = "HelperLibrary", "HelperLibrary\HelperLibrary.csproj", "{B0D82FFD-BA43-49CD-B8F5-9C325F55A638}"
EndProject
Project("{FAE04EC0-301F-11D3-BF4B-00C04F79EFBC}") = "Tests", "Tests\Tests.csproj", "{582B1036-4E49-4D64-A579-6F86C840170E}"
EndProject
Project("{FAE04EC0-301F-11D3-BF4B-00C04F79EFBC}") = "Day_02", "Day_02\Day_02.csproj", "{CC8B1569-4FBA-48E4-BEF2-A2FD4B7F0DFC}"
EndProject
Project("{FAE04EC0-301F-11D3-BF4B-00C04F79EFBC}") = "Day_03", "Day_03\Day_03.csproj", "{3BB4D519-5EF2-4986-A62A-152E480E94BA}"
EndProject
Project("{FAE04EC0-301F-11D3-BF4B-00C04F79EFBC}") = "Day_04", "Day_04\Day_04.csproj", "{EEE6913D-901C-443B-977C-EF7628D90572}"
EndProject
Global
	GlobalSection(SolutionConfigurationPlatforms) = preSolution
		Debug|Any CPU = Debug|Any CPU
		Release|Any CPU = Release|Any CPU
	EndGlobalSection
	GlobalSection(ProjectConfigurationPlatforms) = postSolution
		{ACF55636-EA13-433C-AC43-BB79971E4766}.Debug|Any CPU.ActiveCfg = Debug|Any CPU
		{ACF55636-EA13-433C-AC43-BB79971E4766}.Debug|Any CPU.Build.0 = Debug|Any CPU
		{ACF55636-EA13-433C-AC43-BB79971E4766}.Release|Any CPU.ActiveCfg = Release|Any CPU
		{ACF55636-EA13-433C-AC43-BB79971E4766}.Release|Any CPU.Build.0 = Release|Any CPU
		{B0D82FFD-BA43-49CD-B8F5-9C325F55A638}.Debug|Any CPU.ActiveCfg = Debug|Any CPU
		{B0D82FFD-BA43-49CD-B8F5-9C325F55A638}.Debug|Any CPU.Build.0 = Debug|Any CPU
		{B0D82FFD-BA43-49CD-B8F5-9C325F55A638}.Release|Any CPU.ActiveCfg = Release|Any CPU
		{B0D82FFD-BA43-49CD-B8F5-9C325F55A638}.Release|Any CPU.Build.0 = Release|Any CPU
		{582B1036-4E49-4D64-A579-6F86C840170E}.Debug|Any CPU.ActiveCfg = Debug|Any CPU
		{582B1036-4E49-4D64-A579-6F86C840170E}.Debug|Any CPU.Build.0 = Debug|Any CPU
		{582B1036-4E49-4D64-A579-6F86C840170E}.Release|Any CPU.ActiveCfg = Release|Any CPU
		{582B1036-4E49-4D64-A579-6F86C840170E}.Release|Any CPU.Build.0 = Release|Any CPU
		{CC8B1569-4FBA-48E4-BEF2-A2FD4B7F0DFC}.Debug|Any CPU.ActiveCfg = Debug|Any CPU
		{CC8B1569-4FBA-48E4-BEF2-A2FD4B7F0DFC}.Debug|Any CPU.Build.0 = Debug|Any CPU
		{CC8B1569-4FBA-48E4-BEF2-A2FD4B7F0DFC}.Release|Any CPU.ActiveCfg = Release|Any CPU
		{CC8B1569-4FBA-48E4-BEF2-A2FD4B7F0DFC}.Release|Any CPU.Build.0 = Release|Any CPU
		{3BB4D519-5EF2-4986-A62A-152E480E94BA}.Debug|Any CPU.ActiveCfg = Debug|Any CPU
		{3BB4D519-5EF2-4986-A62A-152E480E94BA}.Debug|Any CPU.Build.0 = Debug|Any CPU
		{3BB4D519-5EF2-4986-A62A-152E480E94BA}.Release|Any CPU.ActiveCfg = Release|Any CPU
		{3BB4D519-5EF2-4986-A62A-152E480E94BA}.Release|Any CPU.Build.0 = Release|Any CPU
		{EEE6913D-901C-443B-977C-EF7628D90572}.Debug|Any CPU.ActiveCfg = Debug|Any CPU
		{EEE6913D-901C-443B-977C-EF7628D90572}.Debug|Any CPU.Build.0 = Debug|Any CPU
		{EEE6913D-901C-443B-977C-EF7628D90572}.Release|Any CPU.ActiveCfg = Release|Any CPU
		{EEE6913D-901C-443B-977C-EF7628D90572}.Release|Any CPU.Build.0 = Release|Any CPU
	EndGlobalSection
	GlobalSection(SolutionProperties) = preSolution
		HideSolutionNode = FALSE
	EndGlobalSection
	GlobalSection(ExtensibilityGlobals) = postSolution
		SolutionGuid = {083FAD19-31AC-4E0B-8F09-09749E498665}
	EndGlobalSection
EndGlobal
